
Microsoft Visual Studio Solution File, Format Version 12.00
# Visual Studio Version 17
VisualStudioVersion = 17.9.34622.214
MinimumVisualStudioVersion = 10.0.40219.1
Project("{FAE04EC0-301F-11D3-BF4B-00C04F79EFBC}") = "FilesBrowser", "FilesBrowser\FilesBrowser.csproj", "{C64DD04A-886B-46EE-B003-83FE9A5A4929}"
EndProject
Global
	GlobalSection(SolutionConfigurationPlatforms) = preSolution
		Debug|Any CPU = Debug|Any CPU
		Release|Any CPU = Release|Any CPU
	EndGlobalSection
	GlobalSection(ProjectConfigurationPlatforms) = postSolution
		{C64DD04A-886B-46EE-B003-83FE9A5A4929}.Debug|Any CPU.ActiveCfg = Debug|Any CPU
		{C64DD04A-886B-46EE-B003-83FE9A5A4929}.Debug|Any CPU.Build.0 = Debug|Any CPU
		{C64DD04A-886B-46EE-B003-83FE9A5A4929}.Release|Any CPU.ActiveCfg = Release|Any CPU
		{C64DD04A-886B-46EE-B003-83FE9A5A4929}.Release|Any CPU.Build.0 = Release|Any CPU
	EndGlobalSection
	GlobalSection(SolutionProperties) = preSolution
		HideSolutionNode = FALSE
	EndGlobalSection
	GlobalSection(ExtensibilityGlobals) = postSolution
		SolutionGuid = {CAB2042A-DBAE-49F1-AC46-FD397417F12E}
	EndGlobalSection
EndGlobal
